
Microsoft Visual Studio Solution File, Format Version 12.00
# Visual Studio Version 16
VisualStudioVersion = 16.0.33529.622
MinimumVisualStudioVersion = 10.0.40219.1
Project("{FAE04EC0-301F-11D3-BF4B-00C04F79EFBC}") = "ServerSocketHL7", "ServerSocketHL7.csproj", "{278189C3-22DB-4678-A448-8FEA279EC750}"
EndProject
Project("{FAE04EC0-301F-11D3-BF4B-00C04F79EFBC}") = "HL7", "..\HL7\HL7.csproj", "{E2FA108C-F814-48D2-A950-3C22C21EEE95}"
EndProject
Project("{FAE04EC0-301F-11D3-BF4B-00C04F79EFBC}") = "Entidades", "..\Entidades\Entidades.csproj", "{8B3AD09F-D434-4F77-B006-97DA0A2F2CB1}"
EndProject
Project("{FAE04EC0-301F-11D3-BF4B-00C04F79EFBC}") = "Log", "..\Log\Log.csproj", "{3F106D5F-3477-41AE-A77D-5DFE5A057119}"
EndProject
Project("{FAE04EC0-301F-11D3-BF4B-00C04F79EFBC}") = "BD", "..\BD\BD.csproj", "{93DA6822-A0DD-45DA-BAFE-36D8613FED18}"
EndProject
Project("{FAE04EC0-301F-11D3-BF4B-00C04F79EFBC}") = "LIS", "..\LIS\LIS.csproj", "{E670BE26-C147-4C03-A4B0-7C0A261F38F0}"
EndProject
Project("{FAE04EC0-301F-11D3-BF4B-00C04F79EFBC}") = "Recursos", "..\Recursos\Recursos.csproj", "{A53FB2AA-D9E7-4F6F-B4F7-6EFB76EA3BA7}"
EndProject
Global
	GlobalSection(SolutionConfigurationPlatforms) = preSolution
		Debug|Any CPU = Debug|Any CPU
		Release|Any CPU = Release|Any CPU
	EndGlobalSection
	GlobalSection(ProjectConfigurationPlatforms) = postSolution
		{278189C3-22DB-4678-A448-8FEA279EC750}.Debug|Any CPU.ActiveCfg = Debug|Any CPU
		{278189C3-22DB-4678-A448-8FEA279EC750}.Debug|Any CPU.Build.0 = Debug|Any CPU
		{278189C3-22DB-4678-A448-8FEA279EC750}.Release|Any CPU.ActiveCfg = Release|Any CPU
		{278189C3-22DB-4678-A448-8FEA279EC750}.Release|Any CPU.Build.0 = Release|Any CPU
		{E2FA108C-F814-48D2-A950-3C22C21EEE95}.Debug|Any CPU.ActiveCfg = Debug|Any CPU
		{E2FA108C-F814-48D2-A950-3C22C21EEE95}.Debug|Any CPU.Build.0 = Debug|Any CPU
		{E2FA108C-F814-48D2-A950-3C22C21EEE95}.Release|Any CPU.ActiveCfg = Release|Any CPU
		{E2FA108C-F814-48D2-A950-3C22C21EEE95}.Release|Any CPU.Build.0 = Release|Any CPU
		{8B3AD09F-D434-4F77-B006-97DA0A2F2CB1}.Debug|Any CPU.ActiveCfg = Debug|Any CPU
		{8B3AD09F-D434-4F77-B006-97DA0A2F2CB1}.Debug|Any CPU.Build.0 = Debug|Any CPU
		{8B3AD09F-D434-4F77-B006-97DA0A2F2CB1}.Release|Any CPU.ActiveCfg = Release|Any CPU
		{8B3AD09F-D434-4F77-B006-97DA0A2F2CB1}.Release|Any CPU.Build.0 = Release|Any CPU
		{3F106D5F-3477-41AE-A77D-5DFE5A057119}.Debug|Any CPU.ActiveCfg = Debug|Any CPU
		{3F106D5F-3477-41AE-A77D-5DFE5A057119}.Debug|Any CPU.Build.0 = Debug|Any CPU
		{3F106D5F-3477-41AE-A77D-5DFE5A057119}.Release|Any CPU.ActiveCfg = Release|Any CPU
		{3F106D5F-3477-41AE-A77D-5DFE5A057119}.Release|Any CPU.Build.0 = Release|Any CPU
		{93DA6822-A0DD-45DA-BAFE-36D8613FED18}.Debug|Any CPU.ActiveCfg = Debug|Any CPU
		{93DA6822-A0DD-45DA-BAFE-36D8613FED18}.Debug|Any CPU.Build.0 = Debug|Any CPU
		{93DA6822-A0DD-45DA-BAFE-36D8613FED18}.Release|Any CPU.ActiveCfg = Release|Any CPU
		{93DA6822-A0DD-45DA-BAFE-36D8613FED18}.Release|Any CPU.Build.0 = Release|Any CPU
		{E670BE26-C147-4C03-A4B0-7C0A261F38F0}.Debug|Any CPU.ActiveCfg = Debug|Any CPU
		{E670BE26-C147-4C03-A4B0-7C0A261F38F0}.Debug|Any CPU.Build.0 = Debug|Any CPU
		{E670BE26-C147-4C03-A4B0-7C0A261F38F0}.Release|Any CPU.ActiveCfg = Release|Any CPU
		{E670BE26-C147-4C03-A4B0-7C0A261F38F0}.Release|Any CPU.Build.0 = Release|Any CPU
		{A53FB2AA-D9E7-4F6F-B4F7-6EFB76EA3BA7}.Debug|Any CPU.ActiveCfg = Debug|Any CPU
		{A53FB2AA-D9E7-4F6F-B4F7-6EFB76EA3BA7}.Debug|Any CPU.Build.0 = Debug|Any CPU
		{A53FB2AA-D9E7-4F6F-B4F7-6EFB76EA3BA7}.Release|Any CPU.ActiveCfg = Release|Any CPU
		{A53FB2AA-D9E7-4F6F-B4F7-6EFB76EA3BA7}.Release|Any CPU.Build.0 = Release|Any CPU
	EndGlobalSection
	GlobalSection(SolutionProperties) = preSolution
		HideSolutionNode = FALSE
	EndGlobalSection
	GlobalSection(ExtensibilityGlobals) = postSolution
		SolutionGuid = {8AF99016-0D0F-4163-ADFF-8FE8AB046F7B}
	EndGlobalSection
EndGlobal
